
Microsoft Visual Studio Solution File, Format Version 12.00
# Visual Studio Version 16
VisualStudioVersion = 16.0.810.14
MinimumVisualStudioVersion = 10.0.40219.1
Project("{FAE04EC0-301F-11D3-BF4B-00C04F79EFBC}") = "WITNetCoreProject", "WITNetCoreProject\WITNetCoreProject.csproj", "{CB7C59C1-1CC2-424E-9972-33C620B24E05}"
EndProject
Project("{FAE04EC0-301F-11D3-BF4B-00C04F79EFBC}") = "WITNetCoreProject.UnitTests", "WITNetCoreProject.UnitTests\WITNetCoreProject.UnitTests.csproj", "{2EB2C467-7C3B-4F2D-BCDD-B6B7CFBF231F}"
EndProject
Global
	GlobalSection(SolutionConfigurationPlatforms) = preSolution
		Debug|Any CPU = Debug|Any CPU
		Release|Any CPU = Release|Any CPU
	EndGlobalSection
	GlobalSection(ProjectConfigurationPlatforms) = postSolution
		{CB7C59C1-1CC2-424E-9972-33C620B24E05}.Debug|Any CPU.ActiveCfg = Debug|Any CPU
		{CB7C59C1-1CC2-424E-9972-33C620B24E05}.Debug|Any CPU.Build.0 = Debug|Any CPU
		{CB7C59C1-1CC2-424E-9972-33C620B24E05}.Release|Any CPU.ActiveCfg = Release|Any CPU
		{CB7C59C1-1CC2-424E-9972-33C620B24E05}.Release|Any CPU.Build.0 = Release|Any CPU
		{2EB2C467-7C3B-4F2D-BCDD-B6B7CFBF231F}.Debug|Any CPU.ActiveCfg = Debug|Any CPU
		{2EB2C467-7C3B-4F2D-BCDD-B6B7CFBF231F}.Debug|Any CPU.Build.0 = Debug|Any CPU
		{2EB2C467-7C3B-4F2D-BCDD-B6B7CFBF231F}.Release|Any CPU.ActiveCfg = Release|Any CPU
		{2EB2C467-7C3B-4F2D-BCDD-B6B7CFBF231F}.Release|Any CPU.Build.0 = Release|Any CPU
	EndGlobalSection
	GlobalSection(SolutionProperties) = preSolution
		HideSolutionNode = FALSE
	EndGlobalSection
	GlobalSection(ExtensibilityGlobals) = postSolution
		SolutionGuid = {F6B4951F-A150-4398-AC36-C30B05608D7A}
	EndGlobalSection
EndGlobal
